
Microsoft Visual Studio Solution File, Format Version 12.00
# Visual Studio 15
VisualStudioVersion = 15.0.26228.9
MinimumVisualStudioVersion = 10.0.40219.1
Project("{9A19103F-16F7-4668-BE54-9A1E7A4F7556}") = "LagoVista.UserAdmin.Rest", "src\LagoVista.UserAdmin.Rest\LagoVista.UserAdmin.Rest.csproj", "{55737EE0-B071-41C2-8DB3-F6A7680C50D9}"
EndProject
Global
	GlobalSection(SolutionConfigurationPlatforms) = preSolution
		Debug|Any CPU = Debug|Any CPU
		Release|Any CPU = Release|Any CPU
	EndGlobalSection
	GlobalSection(ProjectConfigurationPlatforms) = postSolution
		{55737EE0-B071-41C2-8DB3-F6A7680C50D9}.Debug|Any CPU.ActiveCfg = Debug|Any CPU
		{55737EE0-B071-41C2-8DB3-F6A7680C50D9}.Debug|Any CPU.Build.0 = Debug|Any CPU
		{55737EE0-B071-41C2-8DB3-F6A7680C50D9}.Release|Any CPU.ActiveCfg = Release|Any CPU
		{55737EE0-B071-41C2-8DB3-F6A7680C50D9}.Release|Any CPU.Build.0 = Release|Any CPU
	EndGlobalSection
	GlobalSection(SolutionProperties) = preSolution
		HideSolutionNode = FALSE
	EndGlobalSection
EndGlobal
